
Microsoft Visual Studio Solution File, Format Version 12.00
# Visual Studio Version 18
VisualStudioVersion = 18.3.11206.111
MinimumVisualStudioVersion = 10.0.40219.1
Project("{FAE04EC0-301F-11D3-BF4B-00C04F79EFBC}") = "SessionizeCfpViewer", "SessionizeCfpViewer\SessionizeCfpViewer.csproj", "{7A1D58B2-35A6-2E69-B63B-A42D87A4D03A}"
EndProject
Global
	GlobalSection(SolutionConfigurationPlatforms) = preSolution
		Debug|Any CPU = Debug|Any CPU
		Release|Any CPU = Release|Any CPU
	EndGlobalSection
	GlobalSection(ProjectConfigurationPlatforms) = postSolution
		{7A1D58B2-35A6-2E69-B63B-A42D87A4D03A}.Debug|Any CPU.ActiveCfg = Debug|Any CPU
		{7A1D58B2-35A6-2E69-B63B-A42D87A4D03A}.Debug|Any CPU.Build.0 = Debug|Any CPU
		{7A1D58B2-35A6-2E69-B63B-A42D87A4D03A}.Release|Any CPU.ActiveCfg = Release|Any CPU
		{7A1D58B2-35A6-2E69-B63B-A42D87A4D03A}.Release|Any CPU.Build.0 = Release|Any CPU
	EndGlobalSection
	GlobalSection(SolutionProperties) = preSolution
		HideSolutionNode = FALSE
	EndGlobalSection
	GlobalSection(ExtensibilityGlobals) = postSolution
		SolutionGuid = {F257B8C6-8059-47E9-BD11-7AE312812B06}
	EndGlobalSection
EndGlobal
